{
    "_readme": [
        "This file locks the dependencies of your project to a known state",
        "Read more about it at https://getcomposer.org/doc/01-basic-usage.md#installing-dependencies",
        "This file is @generated automatically"
    ],
    "content-hash": "4f64d5892c1aa11059be425db3035717",
    "packages": [
        {
            "name": "pakettikauppa/api-library",
            "version": "2.0.5",
            "source": {
                "type": "git",
                "url": "https://github.com/Pakettikauppa/api-library.git",
                "reference": "6ba538d45abac262b4a38eafb200104e76e0e264"
            },
            "dist": {
                "type": "zip",
                "url": "https://api.github.com/repos/Pakettikauppa/api-library/zipball/6ba538d45abac262b4a38eafb200104e76e0e264",
                "reference": "6ba538d45abac262b4a38eafb200104e76e0e264",
                "shasum": ""
            },
            "require": {
                "ext-curl": "*",
                "ext-json": "*",
                "ext-simplexml": "*"
            },
            "type": "library",
            "autoload": {
                "psr-4": {
                    "Pakettikauppa\\": "src/Pakettikauppa"
                }
            },
            "notification-url": "https://packagist.org/downloads/",
            "license": [
                "MIT"
            ],
            "authors": [
                {
                    "name": "Joose Vettenranta",
                    "email": "joose.vettenranta@kompassi.fi"
                },
                {
                    "name": "Matti Särkikoski",
                    "email": "matti@pakettikauppa.fi"
                }
            ],
            "description": "Pakettikauppa API implementation",
            "homepage": "https://www.pakettikauppa.fi",
            "keywords": [
                "DB Schenker",
                "Pakettikauppa",
                "Smartship",
                "api",
                "matkahuolto",
                "posti",
                "smartpost"
            ],
            "support": {
                "email": "integration@pakettikauppa.fi",
                "issues": "https://github.com/Pakettikauppa/api-library/issues",
                "source": "https://github.com/Pakettikauppa/api-library/tree/2.0.5"
            },
            "time": "2022-02-01T12:58:16+00:00"
        }
    ],
    "packages-dev": [],
    "aliases": [],
    "minimum-stability": "dev",
    "stability-flags": [],
    "prefer-stable": false,
    "prefer-lowest": false,
    "platform": [],
    "platform-dev": [],
    "plugin-api-version": "2.2.0"
}
